
Microsoft Visual Studio Solution File, Format Version 12.00
# Visual Studio 15
VisualStudioVersion = 15.0.26730.16
MinimumVisualStudioVersion = 10.0.40219.1
Project("{9A19103F-16F7-4668-BE54-9A1E7A4F7556}") = "AssemblyInfoFileUpdater", "AssemblyInfoFileUpdater\AssemblyInfoFileUpdater.csproj", "{8D23C081-B44A-412C-AC99-4C97EAABC7E4}"
EndProject
Project("{FAE04EC0-301F-11D3-BF4B-00C04F79EFBC}") = "AssemblyInfoFileUpdaterCmd", "AssemblyInfoFileUpdaterCmd\AssemblyInfoFileUpdaterCmd.csproj", "{612F6BFB-31D5-4B76-AA5E-5D9F08C3D3E8}"
EndProject
Global
	GlobalSection(SolutionConfigurationPlatforms) = preSolution
		Debug|Any CPU = Debug|Any CPU
		Release|Any CPU = Release|Any CPU
	EndGlobalSection
	GlobalSection(ProjectConfigurationPlatforms) = postSolution
		{8D23C081-B44A-412C-AC99-4C97EAABC7E4}.Debug|Any CPU.ActiveCfg = Debug|Any CPU
		{8D23C081-B44A-412C-AC99-4C97EAABC7E4}.Debug|Any CPU.Build.0 = Debug|Any CPU
		{8D23C081-B44A-412C-AC99-4C97EAABC7E4}.Release|Any CPU.ActiveCfg = Release|Any CPU
		{8D23C081-B44A-412C-AC99-4C97EAABC7E4}.Release|Any CPU.Build.0 = Release|Any CPU
		{612F6BFB-31D5-4B76-AA5E-5D9F08C3D3E8}.Debug|Any CPU.ActiveCfg = Debug|Any CPU
		{612F6BFB-31D5-4B76-AA5E-5D9F08C3D3E8}.Debug|Any CPU.Build.0 = Debug|Any CPU
		{612F6BFB-31D5-4B76-AA5E-5D9F08C3D3E8}.Release|Any CPU.ActiveCfg = Release|Any CPU
		{612F6BFB-31D5-4B76-AA5E-5D9F08C3D3E8}.Release|Any CPU.Build.0 = Release|Any CPU
	EndGlobalSection
	GlobalSection(SolutionProperties) = preSolution
		HideSolutionNode = FALSE
	EndGlobalSection
	GlobalSection(ExtensibilityGlobals) = postSolution
		SolutionGuid = {3018D5BD-BD72-429C-A79C-2FF6ECD9913C}
	EndGlobalSection
EndGlobal
